{
  "version": 4,
  "terraform_version": "1.11.3",
  "serial": 3,
  "lineage": "64d372a3-409c-7c1e-5481-dbaa4eaf75c9",
  "outputs": {},
  "resources": [
    {
      "mode": "managed",
      "type": "aws_key_pair",
      "name": "deployer",
      "provider": "provider[\"registry.terraform.io/hashicorp/aws\"]",
      "instances": [
        {
          "schema_version": 1,
          "attributes": {
            "arn": "arn:aws:ec2:ap-south-1:183295432619:key-pair/dove-key-3",
            "fingerprint": "x/5Hc91P7Ui3BnIDNXwrYRwZ/MhLmhk4mCy+EcX81ts=",
            "id": "dove-key-3",
            "key_name": "dove-key-3",
            "key_name_prefix": "",
            "key_pair_id": "key-090e60e4bf9a39443",
            "key_type": "ed25519",
            "public_key": "ssh-ed25519 AAAAC3NzaC1lZDI1NTE5AAAAIEGCHnM2at6ri3TdyGBDjicEMBVAZZCvgjtq7+0OZq7C sharm@Sarthak",
            "tags": null,
            "tags_all": {}
          },
          "sensitive_attributes": [],
          "private": "eyJzY2hlbWFfdmVyc2lvbiI6IjEifQ=="
        }
      ]
    }
  ],
  "check_results": null
}
